// !$*UTF8*$!
{
	archiveVersion = 1;
	classes = {
	};
	objectVersion = 46;
	objects = {
/* Begin PBXBuildFile section */
		0207DA581B56EA530066E2B4 /* Images.xcassets in Resources */ = {isa = PBXBuildFile; fileRef = 0207DA571B56EA530066E2B4 /* Images.xcassets */; };
		1D3623260D0F684500981E51 /* AppDelegate.m in Sources */ = {isa = PBXBuildFile; fileRef = 1D3623250D0F684500981E51 /* AppDelegate.m */; };
		1D60589B0D05DD56006BFB54 /* main.m in Sources */ = {isa = PBXBuildFile; fileRef = 29B97316FDCFA39411CA2CEA /* main.m */; };
		301BF552109A68D80062928A /* libCordova.a in Frameworks */ = {isa = PBXBuildFile; fileRef = 301BF535109A57CC0062928A /* libCordova.a */; };
		302D95F114D2391D003F00A1 /* MainViewController.m in Sources */ = {isa = PBXBuildFile; fileRef = 302D95EF14D2391D003F00A1 /* MainViewController.m */; };
		302D95F214D2391D003F00A1 /* MainViewController.xib in Resources */ = {isa = PBXBuildFile; fileRef = 302D95F014D2391D003F00A1 /* MainViewController.xib */; };
		3047A5121AB8059700498E2A /* build-debug.xcconfig in Resources */ = {isa = PBXBuildFile; fileRef = 3047A50F1AB8059700498E2A /* build-debug.xcconfig */; };
		3047A5131AB8059700498E2A /* build-release.xcconfig in Resources */ = {isa = PBXBuildFile; fileRef = 3047A5101AB8059700498E2A /* build-release.xcconfig */; };
		3047A5141AB8059700498E2A /* build.xcconfig in Resources */ = {isa = PBXBuildFile; fileRef = 3047A5111AB8059700498E2A /* build.xcconfig */; };
		4209DA6E1DB84D1E92B890EF /* CDVBattery.m in Sources */ = {isa = PBXBuildFile; fileRef = 3FC861F0F9FE4A6691558AB5 /* CDVBattery.m */; };
		FAF716B2B55F4C30A76DA93D /* UIImage+CropScaleOrientation.m in Sources */ = {isa = PBXBuildFile; fileRef = 0642E1654272474CB4999AA1 /* UIImage+CropScaleOrientation.m */; };
		218A710DAF7B492CABFAF827 /* CDVCamera.m in Sources */ = {isa = PBXBuildFile; fileRef = 2AD8078844AC4637AE93B247 /* CDVCamera.m */; };
		DD4A0D3719CF4E3CB334794F /* CDVJpegHeaderWriter.m in Sources */ = {isa = PBXBuildFile; fileRef = 1441211C38FD415AA6B3BFBB /* CDVJpegHeaderWriter.m */; };
		37EF91E2E1AE42A991F8A564 /* ImageIO.framework in Frameworks */ = {isa = PBXBuildFile; fileRef = 64AACBAB3DD94CA88D32B4B3 /* ImageIO.framework */; settings = {ATTRIBUTES = (Weak, ); }; };
		4ECFBB1D07E34652975AFC0F /* CoreLocation.framework in Frameworks */ = {isa = PBXBuildFile; fileRef = 9824B85BCD364715AD252843 /* CoreLocation.framework */; };
		F5A6A991AF1B4A4789FA0768 /* AVFoundation.framework in Frameworks */ = {isa = PBXBuildFile; fileRef = D92B41CE762B4A2E8A5916CE /* AVFoundation.framework */; };
		49159AB06B954FEAAC152C90 /* CDVFile.m in Sources */ = {isa = PBXBuildFile; fileRef = B1007B87EAF04820BC8DF018 /* CDVFile.m */; };
		58ED039762C949D6A4201DD0 /* CDVLocalFilesystem.m in Sources */ = {isa = PBXBuildFile; fileRef = 99D07C44ED35443386F78A9F /* CDVLocalFilesystem.m */; };
		274BC871FE394546BC0F0026 /* CDVAssetLibraryFilesystem.m in Sources */ = {isa = PBXBuildFile; fileRef = 36EC899F388842728CB3F400 /* CDVAssetLibraryFilesystem.m */; };
		89A16BBBD43042E1AF8B5B5F /* CDVCapture.m in Sources */ = {isa = PBXBuildFile; fileRef = 9DA88BB9973C4A5E9F13B781 /* CDVCapture.m */; };
		B2AC62CD86E14E9FBAAF1EAC /* CDVCapture.bundle in Resources */ = {isa = PBXBuildFile; fileRef = A47C8172153C4D23B34BDD25 /* CDVCapture.bundle */; };
		7E8A2CD058894890AF5895CF /* CDVLogger.m in Sources */ = {isa = PBXBuildFile; fileRef = 90F4B101452C442BBF5A5C4D /* CDVLogger.m */; };
		1DFB264211854BD1B34046EC /* CDVContacts.m in Sources */ = {isa = PBXBuildFile; fileRef = B6912E578F6D44628A5FD0C1 /* CDVContacts.m */; };
		E96B35FFC05A495F8AB79312 /* CDVContact.m in Sources */ = {isa = PBXBuildFile; fileRef = 07F4549304704FD8863728D0 /* CDVContact.m */; };
		FFB34AD06148484DAD749B9D /* AddressBook.framework in Frameworks */ = {isa = PBXBuildFile; fileRef = E10F67296DE84796894A670F /* AddressBook.framework */; settings = {ATTRIBUTES = (Weak, ); }; };
		869F6A0518AD4E6A813EC2E7 /* AddressBookUI.framework in Frameworks */ = {isa = PBXBuildFile; fileRef = 406BEA157ACA4AF5A1D15645 /* AddressBookUI.framework */; settings = {ATTRIBUTES = (Weak, ); }; };
		DB6F7AEDA82E4A6580023580 /* CDVDevice.m in Sources */ = {isa = PBXBuildFile; fileRef = 6F28247DF43B46A08C671D48 /* CDVDevice.m */; };
		528BDD77879B452B8A47905F /* CDVAccelerometer.m in Sources */ = {isa = PBXBuildFile; fileRef = BDB18342387042BEB2F8BFCA /* CDVAccelerometer.m */; };
		3DD6FAA519D542A8912DE8A6 /* CoreMotion.framework in Frameworks */ = {isa = PBXBuildFile; fileRef = 46D7C65C707143228DCB105D /* CoreMotion.framework */; };
		C0183E61D21B41548EB4D79D /* CDVCompass.m in Sources */ = {isa = PBXBuildFile; fileRef = 04BF2211A5094498A7349FDC /* CDVCompass.m */; };
		7D000E6064984AFBA30529E0 /* CDVNotification.m in Sources */ = {isa = PBXBuildFile; fileRef = E0DDC9A7E15C46128AA59E1A /* CDVNotification.m */; };
		0DF9B9B2584E45BBBB773FD2 /* CDVNotification.bundle in Resources */ = {isa = PBXBuildFile; fileRef = 177D4121E4E143E3B4C1D654 /* CDVNotification.bundle */; };
		B310CD10F9E840F18CE4EB5F /* AudioToolbox.framework in Frameworks */ = {isa = PBXBuildFile; fileRef = 2E2793E001AF42B5ACE041E1 /* AudioToolbox.framework */; settings = {ATTRIBUTES = (Weak, ); }; };
		81F32F21FF604C298FF45069 /* CDVFileTransfer.m in Sources */ = {isa = PBXBuildFile; fileRef = 571A3E34F42A43F39231728D /* CDVFileTransfer.m */; };
		6B752E1FEBF74E07A7EA481E /* CDVLocation.m in Sources */ = {isa = PBXBuildFile; fileRef = E0D74454DCEB4B75BACFDA61 /* CDVLocation.m */; };
		DEC2CA17AB344D588654CF68 /* CDVGlobalization.m in Sources */ = {isa = PBXBuildFile; fileRef = 515AEC91B37F4562860DCCEC /* CDVGlobalization.m */; };
		72E40E75F3F94DA6B93910FA /* CDVInAppBrowser.m in Sources */ = {isa = PBXBuildFile; fileRef = 69769BD69F764F35A21B1BF5 /* CDVInAppBrowser.m */; };
		AFF4D750DF114C3086F9C412 /* CDVSound.m in Sources */ = {isa = PBXBuildFile; fileRef = D9A85404DDE94F2E86AD835A /* CDVSound.m */; };
		3292AEE9A43749BFB0AA5CFC /* CDVConnection.m in Sources */ = {isa = PBXBuildFile; fileRef = 37B8ACE250024C24A999DB98 /* CDVConnection.m */; };
		DEEFA8A2B4134D1D92833D13 /* CDVReachability.m in Sources */ = {isa = PBXBuildFile; fileRef = 11F8E89022AE4C5F8E9A6347 /* CDVReachability.m */; };
		5C586DD4175A4179939405BE /* SystemConfiguration.framework in Frameworks */ = {isa = PBXBuildFile; fileRef = 684F62A7F60F418BA24ADEDD /* SystemConfiguration.framework */; settings = {ATTRIBUTES = (Weak, ); }; };
		748E183A9B0D427AA94885BD /* CoreTelephony.framework in Frameworks */ = {isa = PBXBuildFile; fileRef = 6BE6370DDD094E5A878AC7FB /* CoreTelephony.framework */; };
		C6B0082B6D684208AC5FC7F8 /* CDVSplashScreen.m in Sources */ = {isa = PBXBuildFile; fileRef = 7DADC2EAEA254C53A7B74F9C /* CDVSplashScreen.m */; };
		8662CEBE2F344892AF6A8DE7 /* CDVViewController+SplashScreen.m in Sources */ = {isa = PBXBuildFile; fileRef = 33F36488D5984D228C00F1DF /* CDVViewController+SplashScreen.m */; };
		46DD75D7441E47D38F17A922 /* CDVStatusBar.m in Sources */ = {isa = PBXBuildFile; fileRef = 80C2CA4C67EB4E18B99AB845 /* CDVStatusBar.m */; };
		E588C93F2A984B909C64B348 /* CDVVibration.m in Sources */ = {isa = PBXBuildFile; fileRef = 22CDD5326E9F453E80F5CFF7 /* CDVVibration.m */; };
		5783438954CE450AA4F58ABD /* OneSignal.m in Sources */ = {isa = PBXBuildFile; fileRef = A0DFEB560C404F328B8FF320 /* OneSignal.m */; };
		6AFC92B7A24748AFAECF18AD /* OneSignalHTTPClient.m in Sources */ = {isa = PBXBuildFile; fileRef = 06DCED48FE5A481EA052BF4D /* OneSignalHTTPClient.m */; };
		84D18277E92943BB96A05A0A /* OneSignalTrackIAP.m in Sources */ = {isa = PBXBuildFile; fileRef = 8FECD0C09F3643E88EF23F46 /* OneSignalTrackIAP.m */; };
		09BEA657576B400FAFF835A7 /* OneSignalJailbreakDetection.m in Sources */ = {isa = PBXBuildFile; fileRef = 9A842F4103444365A63AB9F5 /* OneSignalJailbreakDetection.m */; };
		A0AC6FF0016941EBAE97633F /* OneSignalPush.m in Sources */ = {isa = PBXBuildFile; fileRef = AE8B77FABF904A1599B4F684 /* OneSignalPush.m */; };
		01F5CA3788BD4F4AB738F7BD /* OneSignalReachability.m in Sources */ = {isa = PBXBuildFile; fileRef = 41070A8273F3459DBE637974 /* OneSignalReachability.m */; };
		9C531BCEC6E841C89611772F /* OneSignalMobileProvision.m in Sources */ = {isa = PBXBuildFile; fileRef = D8B3701B652148A3860BEADC /* OneSignalMobileProvision.m */; };
		180ACD4968964CD6B07521D4 /* OneSignalLocation.m in Sources */ = {isa = PBXBuildFile; fileRef = 76EF181DFD9E4C52B7801AAD /* OneSignalLocation.m */; };
/* End PBXBuildFile section */

/* Begin PBXContainerItemProxy section */
		301BF534109A57CC0062928A /* PBXContainerItemProxy */ = {
			isa = PBXContainerItemProxy;
			containerPortal = 301BF52D109A57CC0062928A /* CordovaLib.xcodeproj */;
			proxyType = 2;
			remoteGlobalIDString = D2AAC07E0554694100DB518D;
			remoteInfo = CordovaLib;
		};
		301BF550109A68C00062928A /* PBXContainerItemProxy */ = {
			isa = PBXContainerItemProxy;
			containerPortal = 301BF52D109A57CC0062928A /* CordovaLib.xcodeproj */;
			proxyType = 1;
			remoteGlobalIDString = D2AAC07D0554694100DB518D;
			remoteInfo = CordovaLib;
		};
/* End PBXContainerItemProxy section */

/* Begin PBXFileReference section */
		0207DA571B56EA530066E2B4 /* Images.xcassets */ = {isa = PBXFileReference; lastKnownFileType = folder.assetcatalog; name = Images.xcassets; path = "Hello World/Images.xcassets"; sourceTree = SOURCE_ROOT; };
		1D3623240D0F684500981E51 /* AppDelegate.h */ = {isa = PBXFileReference; fileEncoding = 4; lastKnownFileType = sourcecode.c.h; path = AppDelegate.h; sourceTree = "<group>"; };
		1D3623250D0F684500981E51 /* AppDelegate.m */ = {isa = PBXFileReference; fileEncoding = 4; lastKnownFileType = sourcecode.c.objc; path = AppDelegate.m; sourceTree = "<group>"; };
		1D6058910D05DD3D006BFB54 /* Hello World.app */ = {isa = PBXFileReference; explicitFileType = wrapper.application; includeInIndex = 0; path = "Hello World.app"; sourceTree = BUILT_PRODUCTS_DIR; };
		29B97316FDCFA39411CA2CEA /* main.m */ = {isa = PBXFileReference; fileEncoding = 4; lastKnownFileType = sourcecode.c.objc; path = main.m; sourceTree = "<group>"; };
		301BF52D109A57CC0062928A /* CordovaLib.xcodeproj */ = {isa = PBXFileReference; lastKnownFileType = "wrapper.pb-project"; name = CordovaLib.xcodeproj; path = CordovaLib/CordovaLib.xcodeproj; sourceTree = "<group>"; };
		301BF56E109A69640062928A /* www */ = {isa = PBXFileReference; lastKnownFileType = folder; path = www; sourceTree = SOURCE_ROOT; };
		302D95EE14D2391D003F00A1 /* MainViewController.h */ = {isa = PBXFileReference; fileEncoding = 4; lastKnownFileType = sourcecode.c.h; path = MainViewController.h; sourceTree = "<group>"; };
		302D95EF14D2391D003F00A1 /* MainViewController.m */ = {isa = PBXFileReference; fileEncoding = 4; lastKnownFileType = sourcecode.c.objc; path = MainViewController.m; sourceTree = "<group>"; };
		302D95F014D2391D003F00A1 /* MainViewController.xib */ = {isa = PBXFileReference; fileEncoding = 4; lastKnownFileType = file.xib; path = MainViewController.xib; sourceTree = "<group>"; };
		3047A50F1AB8059700498E2A /* build-debug.xcconfig */ = {isa = PBXFileReference; fileEncoding = 4; lastKnownFileType = text.xcconfig; name = "build-debug.xcconfig"; path = cordova/build-debug.xcconfig; sourceTree = SOURCE_ROOT; };
		3047A5101AB8059700498E2A /* build-release.xcconfig */ = {isa = PBXFileReference; fileEncoding = 4; lastKnownFileType = text.xcconfig; name = "build-release.xcconfig"; path = cordova/build-release.xcconfig; sourceTree = SOURCE_ROOT; };
		3047A5111AB8059700498E2A /* build.xcconfig */ = {isa = PBXFileReference; fileEncoding = 4; lastKnownFileType = text.xcconfig; name = build.xcconfig; path = cordova/build.xcconfig; sourceTree = SOURCE_ROOT; };
		32CA4F630368D1EE00C91783 /* Hello World-Prefix.pch */ = {isa = PBXFileReference; fileEncoding = 4; lastKnownFileType = sourcecode.c.h; path = "Hello World-Prefix.pch"; sourceTree = "<group>"; };
		8D1107310486CEB800E47090 /* Hello World-Info.plist */ = {isa = PBXFileReference; fileEncoding = 4; lastKnownFileType = text.plist.xml; name = "Hello World-Info.plist"; path = "Hello World/Hello World-Info.plist"; plistStructureDefinitionIdentifier = "com.apple.xcode.plist.structure-definition.iphone.info-plist"; sourceTree = SOURCE_ROOT; };
		EB87FDF31871DA8E0020F90C /* www */ = {isa = PBXFileReference; lastKnownFileType = folder; name = www; path = ../../www; sourceTree = "<group>"; };
		EB87FDF41871DAF40020F90C /* config.xml */ = {isa = PBXFileReference; lastKnownFileType = text.xml; name = config.xml; path = ../../config.xml; sourceTree = "<group>"; };
		F840E1F0165FE0F500CFE078 /* config.xml */ = {isa = PBXFileReference; lastKnownFileType = text.xml; name = config.xml; path = "Hello World/config.xml"; sourceTree = "<group>"; };
		ED33DF2A687741AEAF9F8254 /* Bridging-Header.h */ = {isa = PBXFileReference; fileEncoding = 4; lastKnownFileType = sourcecode.c.h; name = "Bridging-Header.h"; path = "Bridging-Header.h"; sourceTree = "<group>"; };
		3FC861F0F9FE4A6691558AB5 /* CDVBattery.m */ = {isa = PBXFileReference; name = "CDVBattery.m"; path = "cordova-plugin-battery-status/CDVBattery.m"; sourceTree = "<group>"; fileEncoding = 4; lastKnownFileType = sourcecode.c.objc; explicitFileType = undefined; includeInIndex = 0; };
		264B75CA64C6426998AEFE50 /* CDVBattery.h */ = {isa = PBXFileReference; name = "CDVBattery.h"; path = "cordova-plugin-battery-status/CDVBattery.h"; sourceTree = "<group>"; fileEncoding = 4; lastKnownFileType = sourcecode.c.h; explicitFileType = undefined; includeInIndex = 0; };
		0642E1654272474CB4999AA1 /* UIImage+CropScaleOrientation.m */ = {isa = PBXFileReference; name = "UIImage+CropScaleOrientation.m"; path = "cordova-plugin-camera/UIImage+CropScaleOrientation.m"; sourceTree = "<group>"; fileEncoding = 4; lastKnownFileType = sourcecode.c.objc; explicitFileType = undefined; includeInIndex = 0; };
		2AD8078844AC4637AE93B247 /* CDVCamera.m */ = {isa = PBXFileReference; name = "CDVCamera.m"; path = "cordova-plugin-camera/CDVCamera.m"; sourceTree = "<group>"; fileEncoding = 4; lastKnownFileType = sourcecode.c.objc; explicitFileType = undefined; includeInIndex = 0; };
		1441211C38FD415AA6B3BFBB /* CDVJpegHeaderWriter.m */ = {isa = PBXFileReference; name = "CDVJpegHeaderWriter.m"; path = "cordova-plugin-camera/CDVJpegHeaderWriter.m"; sourceTree = "<group>"; fileEncoding = 4; lastKnownFileType = sourcecode.c.objc; explicitFileType = undefined; includeInIndex = 0; };
		F96329E32E7E4580B3EDF65B /* UIImage+CropScaleOrientation.h */ = {isa = PBXFileReference; name = "UIImage+CropScaleOrientation.h"; path = "cordova-plugin-camera/UIImage+CropScaleOrientation.h"; sourceTree = "<group>"; fileEncoding = 4; lastKnownFileType = sourcecode.c.h; explicitFileType = undefined; includeInIndex = 0; };
		F7E51AB27A994C2D9C31C4D1 /* CDVCamera.h */ = {isa = PBXFileReference; name = "CDVCamera.h"; path = "cordova-plugin-camera/CDVCamera.h"; sourceTree = "<group>"; fileEncoding = 4; lastKnownFileType = sourcecode.c.h; explicitFileType = undefined; includeInIndex = 0; };
		D3266B175D4641BC88796230 /* CDVJpegHeaderWriter.h */ = {isa = PBXFileReference; name = "CDVJpegHeaderWriter.h"; path = "cordova-plugin-camera/CDVJpegHeaderWriter.h"; sourceTree = "<group>"; fileEncoding = 4; lastKnownFileType = sourcecode.c.h; explicitFileType = undefined; includeInIndex = 0; };
		BC1F3293B1C346CF8A572C65 /* CDVExif.h */ = {isa = PBXFileReference; name = "CDVExif.h"; path = "cordova-plugin-camera/CDVExif.h"; sourceTree = "<group>"; fileEncoding = 4; lastKnownFileType = sourcecode.c.h; explicitFileType = undefined; includeInIndex = 0; };
		64AACBAB3DD94CA88D32B4B3 /* ImageIO.framework */ = {isa = PBXFileReference; name = "ImageIO.framework"; path = "System/Library/Frameworks/ImageIO.framework"; sourceTree = SDKROOT; fileEncoding = undefined; lastKnownFileType = wrapper.framework; explicitFileType = undefined; includeInIndex = 0; };
		9824B85BCD364715AD252843 /* CoreLocation.framework */ = {isa = PBXFileReference; name = "CoreLocation.framework"; path = "System/Library/Frameworks/CoreLocation.framework"; sourceTree = SDKROOT; fileEncoding = undefined; lastKnownFileType = wrapper.framework; explicitFileType = undefined; includeInIndex = 0; };
		D92B41CE762B4A2E8A5916CE /* AVFoundation.framework */ = {isa = PBXFileReference; name = "AVFoundation.framework"; path = "System/Library/Frameworks/AVFoundation.framework"; sourceTree = SDKROOT; fileEncoding = undefined; lastKnownFileType = wrapper.framework; explicitFileType = undefined; includeInIndex = 0; };
		B1007B87EAF04820BC8DF018 /* CDVFile.m */ = {isa = PBXFileReference; name = "CDVFile.m"; path = "cordova-plugin-file/CDVFile.m"; sourceTree = "<group>"; fileEncoding = 4; lastKnownFileType = sourcecode.c.objc; explicitFileType = undefined; includeInIndex = 0; };
		99D07C44ED35443386F78A9F /* CDVLocalFilesystem.m */ = {isa = PBXFileReference; name = "CDVLocalFilesystem.m"; path = "cordova-plugin-file/CDVLocalFilesystem.m"; sourceTree = "<group>"; fileEncoding = 4; lastKnownFileType = sourcecode.c.objc; explicitFileType = undefined; includeInIndex = 0; };
		36EC899F388842728CB3F400 /* CDVAssetLibraryFilesystem.m */ = {isa = PBXFileReference; name = "CDVAssetLibraryFilesystem.m"; path = "cordova-plugin-file/CDVAssetLibraryFilesystem.m"; sourceTree = "<group>"; fileEncoding = 4; lastKnownFileType = sourcecode.c.objc; explicitFileType = undefined; includeInIndex = 0; };
		A50E11EDA62049CE959978F6 /* CDVFile.h */ = {isa = PBXFileReference; name = "CDVFile.h"; path = "cordova-plugin-file/CDVFile.h"; sourceTree = "<group>"; fileEncoding = 4; lastKnownFileType = sourcecode.c.h; explicitFileType = undefined; includeInIndex = 0; };
		1595016B80B9482A81170C35 /* CDVLocalFilesystem.h */ = {isa = PBXFileReference; name = "CDVLocalFilesystem.h"; path = "cordova-plugin-file/CDVLocalFilesystem.h"; sourceTree = "<group>"; fileEncoding = 4; lastKnownFileType = sourcecode.c.h; explicitFileType = undefined; includeInIndex = 0; };
		CEE5F0D541BA40C18BAE33F3 /* CDVAssetLibraryFilesystem.h */ = {isa = PBXFileReference; name = "CDVAssetLibraryFilesystem.h"; path = "cordova-plugin-file/CDVAssetLibraryFilesystem.h"; sourceTree = "<group>"; fileEncoding = 4; lastKnownFileType = sourcecode.c.h; explicitFileType = undefined; includeInIndex = 0; };
		9DA88BB9973C4A5E9F13B781 /* CDVCapture.m */ = {isa = PBXFileReference; name = "CDVCapture.m"; path = "cordova-plugin-media-capture/CDVCapture.m"; sourceTree = "<group>"; fileEncoding = 4; lastKnownFileType = sourcecode.c.objc; explicitFileType = undefined; includeInIndex = 0; };
		42EA94F8489F46788AA6AA2F /* CDVCapture.h */ = {isa = PBXFileReference; name = "CDVCapture.h"; path = "cordova-plugin-media-capture/CDVCapture.h"; sourceTree = "<group>"; fileEncoding = 4; lastKnownFileType = sourcecode.c.h; explicitFileType = undefined; includeInIndex = 0; };
		A47C8172153C4D23B34BDD25 /* CDVCapture.bundle */ = {isa = PBXFileReference; name = "CDVCapture.bundle"; path = "CDVCapture.bundle"; sourceTree = "<group>"; fileEncoding = undefined; lastKnownFileType = wrapper.plug-in; explicitFileType = undefined; includeInIndex = 0; };
		90F4B101452C442BBF5A5C4D /* CDVLogger.m */ = {isa = PBXFileReference; name = "CDVLogger.m"; path = "cordova-plugin-console/CDVLogger.m"; sourceTree = "<group>"; fileEncoding = 4; lastKnownFileType = sourcecode.c.objc; explicitFileType = undefined; includeInIndex = 0; };
		D2480855ADD84A75991E524A /* CDVLogger.h */ = {isa = PBXFileReference; name = "CDVLogger.h"; path = "cordova-plugin-console/CDVLogger.h"; sourceTree = "<group>"; fileEncoding = 4; lastKnownFileType = sourcecode.c.h; explicitFileType = undefined; includeInIndex = 0; };
		B6912E578F6D44628A5FD0C1 /* CDVContacts.m */ = {isa = PBXFileReference; name = "CDVContacts.m"; path = "cordova-plugin-contacts/CDVContacts.m"; sourceTree = "<group>"; fileEncoding = 4; lastKnownFileType = sourcecode.c.objc; explicitFileType = undefined; includeInIndex = 0; };
		07F4549304704FD8863728D0 /* CDVContact.m */ = {isa = PBXFileReference; name = "CDVContact.m"; path = "cordova-plugin-contacts/CDVContact.m"; sourceTree = "<group>"; fileEncoding = 4; lastKnownFileType = sourcecode.c.objc; explicitFileType = undefined; includeInIndex = 0; };
		2FFF6968063F4EDB910B83C9 /* CDVContacts.h */ = {isa = PBXFileReference; name = "CDVContacts.h"; path = "cordova-plugin-contacts/CDVContacts.h"; sourceTree = "<group>"; fileEncoding = 4; lastKnownFileType = sourcecode.c.h; explicitFileType = undefined; includeInIndex = 0; };
		FA65E08EEB16479B97B86D0D /* CDVContact.h */ = {isa = PBXFileReference; name = "CDVContact.h"; path = "cordova-plugin-contacts/CDVContact.h"; sourceTree = "<group>"; fileEncoding = 4; lastKnownFileType = sourcecode.c.h; explicitFileType = undefined; includeInIndex = 0; };
		E10F67296DE84796894A670F /* AddressBook.framework */ = {isa = PBXFileReference; name = "AddressBook.framework"; path = "System/Library/Frameworks/AddressBook.framework"; sourceTree = SDKROOT; fileEncoding = undefined; lastKnownFileType = wrapper.framework; explicitFileType = undefined; includeInIndex = 0; };
		406BEA157ACA4AF5A1D15645 /* AddressBookUI.framework */ = {isa = PBXFileReference; name = "AddressBookUI.framework"; path = "System/Library/Frameworks/AddressBookUI.framework"; sourceTree = SDKROOT; fileEncoding = undefined; lastKnownFileType = wrapper.framework; explicitFileType = undefined; includeInIndex = 0; };
		6F28247DF43B46A08C671D48 /* CDVDevice.m */ = {isa = PBXFileReference; name = "CDVDevice.m"; path = "cordova-plugin-device/CDVDevice.m"; sourceTree = "<group>"; fileEncoding = 4; lastKnownFileType = sourcecode.c.objc; explicitFileType = undefined; includeInIndex = 0; };
		30B9C37EE0EA47BEBA2BFE06 /* CDVDevice.h */ = {isa = PBXFileReference; name = "CDVDevice.h"; path = "cordova-plugin-device/CDVDevice.h"; sourceTree = "<group>"; fileEncoding = 4; lastKnownFileType = sourcecode.c.h; explicitFileType = undefined; includeInIndex = 0; };
		BDB18342387042BEB2F8BFCA /* CDVAccelerometer.m */ = {isa = PBXFileReference; name = "CDVAccelerometer.m"; path = "cordova-plugin-device-motion/CDVAccelerometer.m"; sourceTree = "<group>"; fileEncoding = 4; lastKnownFileType = sourcecode.c.objc; explicitFileType = undefined; includeInIndex = 0; };
		4087FB69037144069937CBB2 /* CDVAccelerometer.h */ = {isa = PBXFileReference; name = "CDVAccelerometer.h"; path = "cordova-plugin-device-motion/CDVAccelerometer.h"; sourceTree = "<group>"; fileEncoding = 4; lastKnownFileType = sourcecode.c.h; explicitFileType = undefined; includeInIndex = 0; };
		46D7C65C707143228DCB105D /* CoreMotion.framework */ = {isa = PBXFileReference; name = "CoreMotion.framework"; path = "System/Library/Frameworks/CoreMotion.framework"; sourceTree = SDKROOT; fileEncoding = undefined; lastKnownFileType = wrapper.framework; explicitFileType = undefined; includeInIndex = 0; };
		04BF2211A5094498A7349FDC /* CDVCompass.m */ = {isa = PBXFileReference; name = "CDVCompass.m"; path = "cordova-plugin-device-orientation/CDVCompass.m"; sourceTree = "<group>"; fileEncoding = 4; lastKnownFileType = sourcecode.c.objc; explicitFileType = undefined; includeInIndex = 0; };
		1AD30D3927CE4EE0B57D7E6C /* CDVCompass.h */ = {isa = PBXFileReference; name = "CDVCompass.h"; path = "cordova-plugin-device-orientation/CDVCompass.h"; sourceTree = "<group>"; fileEncoding = 4; lastKnownFileType = sourcecode.c.h; explicitFileType = undefined; includeInIndex = 0; };
		E0DDC9A7E15C46128AA59E1A /* CDVNotification.m */ = {isa = PBXFileReference; name = "CDVNotification.m"; path = "cordova-plugin-dialogs/CDVNotification.m"; sourceTree = "<group>"; fileEncoding = 4; lastKnownFileType = sourcecode.c.objc; explicitFileType = undefined; includeInIndex = 0; };
		965A6032026D4B968432039C /* CDVNotification.h */ = {isa = PBXFileReference; name = "CDVNotification.h"; path = "cordova-plugin-dialogs/CDVNotification.h"; sourceTree = "<group>"; fileEncoding = 4; lastKnownFileType = sourcecode.c.h; explicitFileType = undefined; includeInIndex = 0; };
		177D4121E4E143E3B4C1D654 /* CDVNotification.bundle */ = {isa = PBXFileReference; name = "CDVNotification.bundle"; path = "CDVNotification.bundle"; sourceTree = "<group>"; fileEncoding = undefined; lastKnownFileType = wrapper.plug-in; explicitFileType = undefined; includeInIndex = 0; };
		2E2793E001AF42B5ACE041E1 /* AudioToolbox.framework */ = {isa = PBXFileReference; name = "AudioToolbox.framework"; path = "System/Library/Frameworks/AudioToolbox.framework"; sourceTree = SDKROOT; fileEncoding = undefined; lastKnownFileType = wrapper.framework; explicitFileType = undefined; includeInIndex = 0; };
		571A3E34F42A43F39231728D /* CDVFileTransfer.m */ = {isa = PBXFileReference; name = "CDVFileTransfer.m"; path = "cordova-plugin-file-transfer/CDVFileTransfer.m"; sourceTree = "<group>"; fileEncoding = 4; lastKnownFileType = sourcecode.c.objc; explicitFileType = undefined; includeInIndex = 0; };
		D7EB36CC7EE941729B8B905F /* CDVFileTransfer.h */ = {isa = PBXFileReference; name = "CDVFileTransfer.h"; path = "cordova-plugin-file-transfer/CDVFileTransfer.h"; sourceTree = "<group>"; fileEncoding = 4; lastKnownFileType = sourcecode.c.h; explicitFileType = undefined; includeInIndex = 0; };
		E0D74454DCEB4B75BACFDA61 /* CDVLocation.m */ = {isa = PBXFileReference; name = "CDVLocation.m"; path = "cordova-plugin-geolocation/CDVLocation.m"; sourceTree = "<group>"; fileEncoding = 4; lastKnownFileType = sourcecode.c.objc; explicitFileType = undefined; includeInIndex = 0; };
		A6E68249B960407D8FD9C9E0 /* CDVLocation.h */ = {isa = PBXFileReference; name = "CDVLocation.h"; path = "cordova-plugin-geolocation/CDVLocation.h"; sourceTree = "<group>"; fileEncoding = 4; lastKnownFileType = sourcecode.c.h; explicitFileType = undefined; includeInIndex = 0; };
		515AEC91B37F4562860DCCEC /* CDVGlobalization.m */ = {isa = PBXFileReference; name = "CDVGlobalization.m"; path = "cordova-plugin-globalization/CDVGlobalization.m"; sourceTree = "<group>"; fileEncoding = 4; lastKnownFileType = sourcecode.c.objc; explicitFileType = undefined; includeInIndex = 0; };
		89B002F6437E458D9F6526C1 /* CDVGlobalization.h */ = {isa = PBXFileReference; name = "CDVGlobalization.h"; path = "cordova-plugin-globalization/CDVGlobalization.h"; sourceTree = "<group>"; fileEncoding = 4; lastKnownFileType = sourcecode.c.h; explicitFileType = undefined; includeInIndex = 0; };
		69769BD69F764F35A21B1BF5 /* CDVInAppBrowser.m */ = {isa = PBXFileReference; name = "CDVInAppBrowser.m"; path = "cordova-plugin-inappbrowser/CDVInAppBrowser.m"; sourceTree = "<group>"; fileEncoding = 4; lastKnownFileType = sourcecode.c.objc; explicitFileType = undefined; includeInIndex = 0; };
		6A210103F4F64084A34E2514 /* CDVInAppBrowser.h */ = {isa = PBXFileReference; name = "CDVInAppBrowser.h"; path = "cordova-plugin-inappbrowser/CDVInAppBrowser.h"; sourceTree = "<group>"; fileEncoding = 4; lastKnownFileType = sourcecode.c.h; explicitFileType = undefined; includeInIndex = 0; };
		D9A85404DDE94F2E86AD835A /* CDVSound.m */ = {isa = PBXFileReference; name = "CDVSound.m"; path = "cordova-plugin-media/CDVSound.m"; sourceTree = "<group>"; fileEncoding = 4; lastKnownFileType = sourcecode.c.objc; explicitFileType = undefined; includeInIndex = 0; };
		C0233FBEDF6D4E1988E98A81 /* CDVSound.h */ = {isa = PBXFileReference; name = "CDVSound.h"; path = "cordova-plugin-media/CDVSound.h"; sourceTree = "<group>"; fileEncoding = 4; lastKnownFileType = sourcecode.c.h; explicitFileType = undefined; includeInIndex = 0; };
		37B8ACE250024C24A999DB98 /* CDVConnection.m */ = {isa = PBXFileReference; name = "CDVConnection.m"; path = "cordova-plugin-network-information/CDVConnection.m"; sourceTree = "<group>"; fileEncoding = 4; lastKnownFileType = sourcecode.c.objc; explicitFileType = undefined; includeInIndex = 0; };
		11F8E89022AE4C5F8E9A6347 /* CDVReachability.m */ = {isa = PBXFileReference; name = "CDVReachability.m"; path = "cordova-plugin-network-information/CDVReachability.m"; sourceTree = "<group>"; fileEncoding = 4; lastKnownFileType = sourcecode.c.objc; explicitFileType = undefined; includeInIndex = 0; };
		0E4BA1DACC4B401EBBFE1CEA /* CDVConnection.h */ = {isa = PBXFileReference; name = "CDVConnection.h"; path = "cordova-plugin-network-information/CDVConnection.h"; sourceTree = "<group>"; fileEncoding = 4; lastKnownFileType = sourcecode.c.h; explicitFileType = undefined; includeInIndex = 0; };
		16BF490B0BF3463DB17BA2AA /* CDVReachability.h */ = {isa = PBXFileReference; name = "CDVReachability.h"; path = "cordova-plugin-network-information/CDVReachability.h"; sourceTree = "<group>"; fileEncoding = 4; lastKnownFileType = sourcecode.c.h; explicitFileType = undefined; includeInIndex = 0; };
		684F62A7F60F418BA24ADEDD /* SystemConfiguration.framework */ = {isa = PBXFileReference; name = "SystemConfiguration.framework"; path = "System/Library/Frameworks/SystemConfiguration.framework"; sourceTree = SDKROOT; fileEncoding = undefined; lastKnownFileType = wrapper.framework; explicitFileType = undefined; includeInIndex = 0; };
		6BE6370DDD094E5A878AC7FB /* CoreTelephony.framework */ = {isa = PBXFileReference; name = "CoreTelephony.framework"; path = "System/Library/Frameworks/CoreTelephony.framework"; sourceTree = SDKROOT; fileEncoding = undefined; lastKnownFileType = wrapper.framework; explicitFileType = undefined; includeInIndex = 0; };
		7DADC2EAEA254C53A7B74F9C /* CDVSplashScreen.m */ = {isa = PBXFileReference; name = "CDVSplashScreen.m"; path = "cordova-plugin-splashscreen/CDVSplashScreen.m"; sourceTree = "<group>"; fileEncoding = 4; lastKnownFileType = sourcecode.c.objc; explicitFileType = undefined; includeInIndex = 0; };
		33F36488D5984D228C00F1DF /* CDVViewController+SplashScreen.m */ = {isa = PBXFileReference; name = "CDVViewController+SplashScreen.m"; path = "cordova-plugin-splashscreen/CDVViewController+SplashScreen.m"; sourceTree = "<group>"; fileEncoding = 4; lastKnownFileType = sourcecode.c.objc; explicitFileType = undefined; includeInIndex = 0; };
		90D9728B4D2E43209A5AC74E /* CDVSplashScreen.h */ = {isa = PBXFileReference; name = "CDVSplashScreen.h"; path = "cordova-plugin-splashscreen/CDVSplashScreen.h"; sourceTree = "<group>"; fileEncoding = 4; lastKnownFileType = sourcecode.c.h; explicitFileType = undefined; includeInIndex = 0; };
		E5FD1137B792446CB92D05B9 /* CDVViewController+SplashScreen.h */ = {isa = PBXFileReference; name = "CDVViewController+SplashScreen.h"; path = "cordova-plugin-splashscreen/CDVViewController+SplashScreen.h"; sourceTree = "<group>"; fileEncoding = 4; lastKnownFileType = sourcecode.c.h; explicitFileType = undefined; includeInIndex = 0; };
		80C2CA4C67EB4E18B99AB845 /* CDVStatusBar.m */ = {isa = PBXFileReference; name = "CDVStatusBar.m"; path = "cordova-plugin-statusbar/CDVStatusBar.m"; sourceTree = "<group>"; fileEncoding = 4; lastKnownFileType = sourcecode.c.objc; explicitFileType = undefined; includeInIndex = 0; };
		8FD6449DBB3E4CBD9CBB0F04 /* CDVStatusBar.h */ = {isa = PBXFileReference; name = "CDVStatusBar.h"; path = "cordova-plugin-statusbar/CDVStatusBar.h"; sourceTree = "<group>"; fileEncoding = 4; lastKnownFileType = sourcecode.c.h; explicitFileType = undefined; includeInIndex = 0; };
		22CDD5326E9F453E80F5CFF7 /* CDVVibration.m */ = {isa = PBXFileReference; name = "CDVVibration.m"; path = "cordova-plugin-vibration/CDVVibration.m"; sourceTree = "<group>"; fileEncoding = 4; lastKnownFileType = sourcecode.c.objc; explicitFileType = undefined; includeInIndex = 0; };
		C540785783784AB7A60130E8 /* CDVVibration.h */ = {isa = PBXFileReference; name = "CDVVibration.h"; path = "cordova-plugin-vibration/CDVVibration.h"; sourceTree = "<group>"; fileEncoding = 4; lastKnownFileType = sourcecode.c.h; explicitFileType = undefined; includeInIndex = 0; };
		A0DFEB560C404F328B8FF320 /* OneSignal.m */ = {isa = PBXFileReference; name = "OneSignal.m"; path = "onesignal-cordova-plugin/OneSignal.m"; sourceTree = "<group>"; fileEncoding = 4; lastKnownFileType = sourcecode.c.objc; explicitFileType = undefined; includeInIndex = 0; };
		06DCED48FE5A481EA052BF4D /* OneSignalHTTPClient.m */ = {isa = PBXFileReference; name = "OneSignalHTTPClient.m"; path = "onesignal-cordova-plugin/OneSignalHTTPClient.m"; sourceTree = "<group>"; fileEncoding = 4; lastKnownFileType = sourcecode.c.objc; explicitFileType = undefined; includeInIndex = 0; };
		8FECD0C09F3643E88EF23F46 /* OneSignalTrackIAP.m */ = {isa = PBXFileReference; name = "OneSignalTrackIAP.m"; path = "onesignal-cordova-plugin/OneSignalTrackIAP.m"; sourceTree = "<group>"; fileEncoding = 4; lastKnownFileType = sourcecode.c.objc; explicitFileType = undefined; includeInIndex = 0; };
		9A842F4103444365A63AB9F5 /* OneSignalJailbreakDetection.m */ = {isa = PBXFileReference; name = "OneSignalJailbreakDetection.m"; path = "onesignal-cordova-plugin/OneSignalJailbreakDetection.m"; sourceTree = "<group>"; fileEncoding = 4; lastKnownFileType = sourcecode.c.objc; explicitFileType = undefined; includeInIndex = 0; };
		AE8B77FABF904A1599B4F684 /* OneSignalPush.m */ = {isa = PBXFileReference; name = "OneSignalPush.m"; path = "onesignal-cordova-plugin/OneSignalPush.m"; sourceTree = "<group>"; fileEncoding = 4; lastKnownFileType = sourcecode.c.objc; explicitFileType = undefined; includeInIndex = 0; };
		41070A8273F3459DBE637974 /* OneSignalReachability.m */ = {isa = PBXFileReference; name = "OneSignalReachability.m"; path = "onesignal-cordova-plugin/OneSignalReachability.m"; sourceTree = "<group>"; fileEncoding = 4; lastKnownFileType = sourcecode.c.objc; explicitFileType = undefined; includeInIndex = 0; };
		D8B3701B652148A3860BEADC /* OneSignalMobileProvision.m */ = {isa = PBXFileReference; name = "OneSignalMobileProvision.m"; path = "onesignal-cordova-plugin/OneSignalMobileProvision.m"; sourceTree = "<group>"; fileEncoding = 4; lastKnownFileType = sourcecode.c.objc; explicitFileType = undefined; includeInIndex = 0; };
		76EF181DFD9E4C52B7801AAD /* OneSignalLocation.m */ = {isa = PBXFileReference; name = "OneSignalLocation.m"; path = "onesignal-cordova-plugin/OneSignalLocation.m"; sourceTree = "<group>"; fileEncoding = 4; lastKnownFileType = sourcecode.c.objc; explicitFileType = undefined; includeInIndex = 0; };
		865D276DB29D41578AE2A5E5 /* OneSignal.h */ = {isa = PBXFileReference; name = "OneSignal.h"; path = "onesignal-cordova-plugin/OneSignal.h"; sourceTree = "<group>"; fileEncoding = 4; lastKnownFileType = sourcecode.c.h; explicitFileType = undefined; includeInIndex = 0; };
		F95C06F790B744BC803E8F7C /* OneSignalHTTPClient.h */ = {isa = PBXFileReference; name = "OneSignalHTTPClient.h"; path = "onesignal-cordova-plugin/OneSignalHTTPClient.h"; sourceTree = "<group>"; fileEncoding = 4; lastKnownFileType = sourcecode.c.h; explicitFileType = undefined; includeInIndex = 0; };
		9AA6769F717645D783124D55 /* OneSignalTrackIAP.h */ = {isa = PBXFileReference; name = "OneSignalTrackIAP.h"; path = "onesignal-cordova-plugin/OneSignalTrackIAP.h"; sourceTree = "<group>"; fileEncoding = 4; lastKnownFileType = sourcecode.c.h; explicitFileType = undefined; includeInIndex = 0; };
		96B36055DE8649828F36F6F6 /* OneSignalJailbreakDetection.h */ = {isa = PBXFileReference; name = "OneSignalJailbreakDetection.h"; path = "onesignal-cordova-plugin/OneSignalJailbreakDetection.h"; sourceTree = "<group>"; fileEncoding = 4; lastKnownFileType = sourcecode.c.h; explicitFileType = undefined; includeInIndex = 0; };
		A6BE5846D198492BB2406D7A /* OneSignalPush.h */ = {isa = PBXFileReference; name = "OneSignalPush.h"; path = "onesignal-cordova-plugin/OneSignalPush.h"; sourceTree = "<group>"; fileEncoding = 4; lastKnownFileType = sourcecode.c.h; explicitFileType = undefined; includeInIndex = 0; };
		0DEAAE7AE04A48A98A9BC0F7 /* OneSignalReachability.h */ = {isa = PBXFileReference; name = "OneSignalReachability.h"; path = "onesignal-cordova-plugin/OneSignalReachability.h"; sourceTree = "<group>"; fileEncoding = 4; lastKnownFileType = sourcecode.c.h; explicitFileType = undefined; includeInIndex = 0; };
		41717DFEF46F4C248FC78C51 /* OneSignalMobileProvision.h */ = {isa = PBXFileReference; name = "OneSignalMobileProvision.h"; path = "onesignal-cordova-plugin/OneSignalMobileProvision.h"; sourceTree = "<group>"; fileEncoding = 4; lastKnownFileType = sourcecode.c.h; explicitFileType = undefined; includeInIndex = 0; };
		5B11A1A8F16A47A1B2EE10A8 /* OneSignalLocation.h */ = {isa = PBXFileReference; name = "OneSignalLocation.h"; path = "onesignal-cordova-plugin/OneSignalLocation.h"; sourceTree = "<group>"; fileEncoding = 4; lastKnownFileType = sourcecode.c.h; explicitFileType = undefined; includeInIndex = 0; };
/* End PBXFileReference section */

/* Begin PBXFrameworksBuildPhase section */
		1D60588F0D05DD3D006BFB54 /* Frameworks */ = {
			isa = PBXFrameworksBuildPhase;
			buildActionMask = 2147483647;
			files = (
				301BF552109A68D80062928A /* libCordova.a in Frameworks */,
				37EF91E2E1AE42A991F8A564 /* ImageIO.framework in Frameworks */,
				4ECFBB1D07E34652975AFC0F /* CoreLocation.framework in Frameworks */,
				F5A6A991AF1B4A4789FA0768 /* AVFoundation.framework in Frameworks */,
				FFB34AD06148484DAD749B9D /* AddressBook.framework in Frameworks */,
				869F6A0518AD4E6A813EC2E7 /* AddressBookUI.framework in Frameworks */,
				3DD6FAA519D542A8912DE8A6 /* CoreMotion.framework in Frameworks */,
				B310CD10F9E840F18CE4EB5F /* AudioToolbox.framework in Frameworks */,
				5C586DD4175A4179939405BE /* SystemConfiguration.framework in Frameworks */,
				748E183A9B0D427AA94885BD /* CoreTelephony.framework in Frameworks */,
			);
			runOnlyForDeploymentPostprocessing = 0;
		};
/* End PBXFrameworksBuildPhase section */

/* Begin PBXGroup section */
		080E96DDFE201D6D7F000001 /* Classes */ = {
			isa = PBXGroup;
			children = (
				302D95EE14D2391D003F00A1 /* MainViewController.h */,
				302D95EF14D2391D003F00A1 /* MainViewController.m */,
				302D95F014D2391D003F00A1 /* MainViewController.xib */,
				1D3623240D0F684500981E51 /* AppDelegate.h */,
				1D3623250D0F684500981E51 /* AppDelegate.m */,
			);
			name = Classes;
			path = "Hello World/Classes";
			sourceTree = SOURCE_ROOT;
		};
		19C28FACFE9D520D11CA2CBB /* Products */ = {
			isa = PBXGroup;
			children = (
				1D6058910D05DD3D006BFB54 /* Hello World.app */,
			);
			name = Products;
			sourceTree = "<group>";
		};
		29B97314FDCFA39411CA2CEA /* CustomTemplate */ = {
			isa = PBXGroup;
			children = (
				EB87FDF41871DAF40020F90C /* config.xml */,
				EB87FDF31871DA8E0020F90C /* www */,
				EB87FDF11871DA420020F90C /* Staging */,
				301BF52D109A57CC0062928A /* CordovaLib.xcodeproj */,
				080E96DDFE201D6D7F000001 /* Classes */,
				307C750510C5A3420062BCA9 /* Plugins */,
				29B97315FDCFA39411CA2CEA /* Other Sources */,
				29B97317FDCFA39411CA2CEA /* Resources */,
				29B97323FDCFA39411CA2CEA /* Frameworks */,
				19C28FACFE9D520D11CA2CBB /* Products */,
			);
			name = CustomTemplate;
			sourceTree = "<group>";
		};
		29B97315FDCFA39411CA2CEA /* Other Sources */ = {
			isa = PBXGroup;
			children = (
				32CA4F630368D1EE00C91783 /* Hello World-Prefix.pch */,
				29B97316FDCFA39411CA2CEA /* main.m */,
				ED33DF2A687741AEAF9F8254 /* Bridging-Header.h */,
			);
			name = "Other Sources";
			path = "Hello World";
			sourceTree = "<group>";
		};
		29B97317FDCFA39411CA2CEA /* Resources */ = {
			isa = PBXGroup;
			children = (
				0207DA571B56EA530066E2B4 /* Images.xcassets */,
				3047A50E1AB8057F00498E2A /* config */,
				8D1107310486CEB800E47090 /* Hello World-Info.plist */,
				A47C8172153C4D23B34BDD25 /* CDVCapture.bundle */,
				177D4121E4E143E3B4C1D654 /* CDVNotification.bundle */,
			);
			name = Resources;
			path = "Hello World/Resources";
			sourceTree = "<group>";
		};
		29B97323FDCFA39411CA2CEA /* Frameworks */ = {
			isa = PBXGroup;
			children = (
				64AACBAB3DD94CA88D32B4B3 /* ImageIO.framework */,
				9824B85BCD364715AD252843 /* CoreLocation.framework */,
				D92B41CE762B4A2E8A5916CE /* AVFoundation.framework */,
				E10F67296DE84796894A670F /* AddressBook.framework */,
				406BEA157ACA4AF5A1D15645 /* AddressBookUI.framework */,
				46D7C65C707143228DCB105D /* CoreMotion.framework */,
				2E2793E001AF42B5ACE041E1 /* AudioToolbox.framework */,
				684F62A7F60F418BA24ADEDD /* SystemConfiguration.framework */,
				6BE6370DDD094E5A878AC7FB /* CoreTelephony.framework */,
			);
			name = Frameworks;
			sourceTree = "<group>";
		};
		301BF52E109A57CC0062928A /* Products */ = {
			isa = PBXGroup;
			children = (
				301BF535109A57CC0062928A /* libCordova.a */,
			);
			name = Products;
			sourceTree = "<group>";
		};
		3047A50E1AB8057F00498E2A /* config */ = {
			isa = PBXGroup;
			children = (
				3047A50F1AB8059700498E2A /* build-debug.xcconfig */,
				3047A5101AB8059700498E2A /* build-release.xcconfig */,
				3047A5111AB8059700498E2A /* build.xcconfig */,
			);
			name = config;
			sourceTree = "<group>";
		};
		307C750510C5A3420062BCA9 /* Plugins */ = {
			isa = PBXGroup;
			children = (
				3FC861F0F9FE4A6691558AB5 /* CDVBattery.m */,
				264B75CA64C6426998AEFE50 /* CDVBattery.h */,
				0642E1654272474CB4999AA1 /* UIImage+CropScaleOrientation.m */,
				2AD8078844AC4637AE93B247 /* CDVCamera.m */,
				1441211C38FD415AA6B3BFBB /* CDVJpegHeaderWriter.m */,
				F96329E32E7E4580B3EDF65B /* UIImage+CropScaleOrientation.h */,
				F7E51AB27A994C2D9C31C4D1 /* CDVCamera.h */,
				D3266B175D4641BC88796230 /* CDVJpegHeaderWriter.h */,
				BC1F3293B1C346CF8A572C65 /* CDVExif.h */,
				B1007B87EAF04820BC8DF018 /* CDVFile.m */,
				99D07C44ED35443386F78A9F /* CDVLocalFilesystem.m */,
				36EC899F388842728CB3F400 /* CDVAssetLibraryFilesystem.m */,
				A50E11EDA62049CE959978F6 /* CDVFile.h */,
				1595016B80B9482A81170C35 /* CDVLocalFilesystem.h */,
				CEE5F0D541BA40C18BAE33F3 /* CDVAssetLibraryFilesystem.h */,
				9DA88BB9973C4A5E9F13B781 /* CDVCapture.m */,
				42EA94F8489F46788AA6AA2F /* CDVCapture.h */,
				90F4B101452C442BBF5A5C4D /* CDVLogger.m */,
				D2480855ADD84A75991E524A /* CDVLogger.h */,
				B6912E578F6D44628A5FD0C1 /* CDVContacts.m */,
				07F4549304704FD8863728D0 /* CDVContact.m */,
				2FFF6968063F4EDB910B83C9 /* CDVContacts.h */,
				FA65E08EEB16479B97B86D0D /* CDVContact.h */,
				6F28247DF43B46A08C671D48 /* CDVDevice.m */,
				30B9C37EE0EA47BEBA2BFE06 /* CDVDevice.h */,
				BDB18342387042BEB2F8BFCA /* CDVAccelerometer.m */,
				4087FB69037144069937CBB2 /* CDVAccelerometer.h */,
				04BF2211A5094498A7349FDC /* CDVCompass.m */,
				1AD30D3927CE4EE0B57D7E6C /* CDVCompass.h */,
				E0DDC9A7E15C46128AA59E1A /* CDVNotification.m */,
				965A6032026D4B968432039C /* CDVNotification.h */,
				571A3E34F42A43F39231728D /* CDVFileTransfer.m */,
				D7EB36CC7EE941729B8B905F /* CDVFileTransfer.h */,
				E0D74454DCEB4B75BACFDA61 /* CDVLocation.m */,
				A6E68249B960407D8FD9C9E0 /* CDVLocation.h */,
				515AEC91B37F4562860DCCEC /* CDVGlobalization.m */,
				89B002F6437E458D9F6526C1 /* CDVGlobalization.h */,
				69769BD69F764F35A21B1BF5 /* CDVInAppBrowser.m */,
				6A210103F4F64084A34E2514 /* CDVInAppBrowser.h */,
				D9A85404DDE94F2E86AD835A /* CDVSound.m */,
				C0233FBEDF6D4E1988E98A81 /* CDVSound.h */,
				37B8ACE250024C24A999DB98 /* CDVConnection.m */,
				11F8E89022AE4C5F8E9A6347 /* CDVReachability.m */,
				0E4BA1DACC4B401EBBFE1CEA /* CDVConnection.h */,
				16BF490B0BF3463DB17BA2AA /* CDVReachability.h */,
				7DADC2EAEA254C53A7B74F9C /* CDVSplashScreen.m */,
				33F36488D5984D228C00F1DF /* CDVViewController+SplashScreen.m */,
				90D9728B4D2E43209A5AC74E /* CDVSplashScreen.h */,
				E5FD1137B792446CB92D05B9 /* CDVViewController+SplashScreen.h */,
				80C2CA4C67EB4E18B99AB845 /* CDVStatusBar.m */,
				8FD6449DBB3E4CBD9CBB0F04 /* CDVStatusBar.h */,
				22CDD5326E9F453E80F5CFF7 /* CDVVibration.m */,
				C540785783784AB7A60130E8 /* CDVVibration.h */,
				A0DFEB560C404F328B8FF320 /* OneSignal.m */,
				06DCED48FE5A481EA052BF4D /* OneSignalHTTPClient.m */,
				8FECD0C09F3643E88EF23F46 /* OneSignalTrackIAP.m */,
				9A842F4103444365A63AB9F5 /* OneSignalJailbreakDetection.m */,
				AE8B77FABF904A1599B4F684 /* OneSignalPush.m */,
				41070A8273F3459DBE637974 /* OneSignalReachability.m */,
				D8B3701B652148A3860BEADC /* OneSignalMobileProvision.m */,
				76EF181DFD9E4C52B7801AAD /* OneSignalLocation.m */,
				865D276DB29D41578AE2A5E5 /* OneSignal.h */,
				F95C06F790B744BC803E8F7C /* OneSignalHTTPClient.h */,
				9AA6769F717645D783124D55 /* OneSignalTrackIAP.h */,
				96B36055DE8649828F36F6F6 /* OneSignalJailbreakDetection.h */,
				A6BE5846D198492BB2406D7A /* OneSignalPush.h */,
				0DEAAE7AE04A48A98A9BC0F7 /* OneSignalReachability.h */,
				41717DFEF46F4C248FC78C51 /* OneSignalMobileProvision.h */,
				5B11A1A8F16A47A1B2EE10A8 /* OneSignalLocation.h */,
			);
			name = Plugins;
			path = "Hello World/Plugins";
			sourceTree = SOURCE_ROOT;
		};
		EB87FDF11871DA420020F90C /* Staging */ = {
			isa = PBXGroup;
			children = (
				F840E1F0165FE0F500CFE078 /* config.xml */,
				301BF56E109A69640062928A /* www */,
			);
			name = Staging;
			sourceTree = "<group>";
		};
/* End PBXGroup section */

/* Begin PBXNativeTarget section */
		1D6058900D05DD3D006BFB54 /* Hello World */ = {
			isa = PBXNativeTarget;
			buildConfigurationList = 1D6058960D05DD3E006BFB54 /* Build configuration list for PBXNativeTarget "Hello World" */;
			buildPhases = (
				304B58A110DAC018002A0835 /* Copy www directory */,
				1D60588D0D05DD3D006BFB54 /* Resources */,
				1D60588E0D05DD3D006BFB54 /* Sources */,
				1D60588F0D05DD3D006BFB54 /* Frameworks */,
			);
			buildRules = (
			);
			dependencies = (
				301BF551109A68C00062928A /* PBXTargetDependency */,
			);
			name = "Hello World";
			productName = "Hello World";
			productReference = 1D6058910D05DD3D006BFB54 /* Hello World.app */;
			productType = "com.apple.product-type.application";
		};
/* End PBXNativeTarget section */

/* Begin PBXProject section */
		29B97313FDCFA39411CA2CEA /* Project object */ = {
			isa = PBXProject;
			attributes = {
				LastUpgradeCheck = 510;
			};
			buildConfigurationList = C01FCF4E08A954540054247B /* Build configuration list for PBXProject "__NON-CLI__" */;
			compatibilityVersion = "Xcode 3.2";
			developmentRegion = English;
			hasScannedForEncodings = 1;
			mainGroup = 29B97314FDCFA39411CA2CEA /* CustomTemplate */;
			projectDirPath = "";
			projectReferences = (
				{
					ProductGroup = 301BF52E109A57CC0062928A /* Products */;
					ProjectRef = 301BF52D109A57CC0062928A /* CordovaLib.xcodeproj */;
				},
			);
			projectRoot = "";
			targets = (
				1D6058900D05DD3D006BFB54 /* Hello World */,
			);
		};
/* End PBXProject section */

/* Begin PBXReferenceProxy section */
		301BF535109A57CC0062928A /* libCordova.a */ = {
			isa = PBXReferenceProxy;
			fileType = archive.ar;
			path = libCordova.a;
			remoteRef = 301BF534109A57CC0062928A /* PBXContainerItemProxy */;
			sourceTree = BUILT_PRODUCTS_DIR;
		};
/* End PBXReferenceProxy section */

/* Begin PBXResourcesBuildPhase section */
		1D60588D0D05DD3D006BFB54 /* Resources */ = {
			isa = PBXResourcesBuildPhase;
			buildActionMask = 2147483647;
			files = (
				302D95F214D2391D003F00A1 /* MainViewController.xib in Resources */,
				3047A5131AB8059700498E2A /* build-release.xcconfig in Resources */,
				3047A5141AB8059700498E2A /* build.xcconfig in Resources */,
				0207DA581B56EA530066E2B4 /* Images.xcassets in Resources */,
				3047A5121AB8059700498E2A /* build-debug.xcconfig in Resources */,
				B2AC62CD86E14E9FBAAF1EAC /* CDVCapture.bundle in Resources */,
				0DF9B9B2584E45BBBB773FD2 /* CDVNotification.bundle in Resources */,
			);
			runOnlyForDeploymentPostprocessing = 0;
		};
/* End PBXResourcesBuildPhase section */

/* Begin PBXShellScriptBuildPhase section */
		304B58A110DAC018002A0835 /* Copy www directory */ = {
			isa = PBXShellScriptBuildPhase;
			buildActionMask = 2147483647;
			files = (
			);
			inputPaths = (
			);
			name = "Copy www directory";
			outputPaths = (
			);
			runOnlyForDeploymentPostprocessing = 0;
			shellPath = /bin/sh;
			shellScript = "NODEJS_PATH=/usr/local/bin; NVM_NODE_PATH=~/.nvm/versions/node/`nvm version 2>/dev/null`/bin; N_NODE_PATH=`find /usr/local/n/versions/node/* -maxdepth 0 -type d 2>/dev/null | tail -1`/bin; XCODE_NODE_PATH=`xcode-select --print-path`/usr/share/xcs/Node/bin; PATH=$NODEJS_PATH:$NVM_NODE_PATH:$N_NODE_PATH:$XCODE_NODE_PATH:$PATH && node cordova/lib/copy-www-build-step.js";
			showEnvVarsInLog = 0;
		};
/* End PBXShellScriptBuildPhase section */

/* Begin PBXSourcesBuildPhase section */
		1D60588E0D05DD3D006BFB54 /* Sources */ = {
			isa = PBXSourcesBuildPhase;
			buildActionMask = 2147483647;
			files = (
				1D60589B0D05DD56006BFB54 /* main.m in Sources */,
				1D3623260D0F684500981E51 /* AppDelegate.m in Sources */,
				302D95F114D2391D003F00A1 /* MainViewController.m in Sources */,
				4209DA6E1DB84D1E92B890EF /* CDVBattery.m in Sources */,
				FAF716B2B55F4C30A76DA93D /* UIImage+CropScaleOrientation.m in Sources */,
				218A710DAF7B492CABFAF827 /* CDVCamera.m in Sources */,
				DD4A0D3719CF4E3CB334794F /* CDVJpegHeaderWriter.m in Sources */,
				49159AB06B954FEAAC152C90 /* CDVFile.m in Sources */,
				58ED039762C949D6A4201DD0 /* CDVLocalFilesystem.m in Sources */,
				274BC871FE394546BC0F0026 /* CDVAssetLibraryFilesystem.m in Sources */,
				89A16BBBD43042E1AF8B5B5F /* CDVCapture.m in Sources */,
				7E8A2CD058894890AF5895CF /* CDVLogger.m in Sources */,
				1DFB264211854BD1B34046EC /* CDVContacts.m in Sources */,
				E96B35FFC05A495F8AB79312 /* CDVContact.m in Sources */,
				DB6F7AEDA82E4A6580023580 /* CDVDevice.m in Sources */,
				528BDD77879B452B8A47905F /* CDVAccelerometer.m in Sources */,
				C0183E61D21B41548EB4D79D /* CDVCompass.m in Sources */,
				7D000E6064984AFBA30529E0 /* CDVNotification.m in Sources */,
				81F32F21FF604C298FF45069 /* CDVFileTransfer.m in Sources */,
				6B752E1FEBF74E07A7EA481E /* CDVLocation.m in Sources */,
				DEC2CA17AB344D588654CF68 /* CDVGlobalization.m in Sources */,
				72E40E75F3F94DA6B93910FA /* CDVInAppBrowser.m in Sources */,
				AFF4D750DF114C3086F9C412 /* CDVSound.m in Sources */,
				3292AEE9A43749BFB0AA5CFC /* CDVConnection.m in Sources */,
				DEEFA8A2B4134D1D92833D13 /* CDVReachability.m in Sources */,
				C6B0082B6D684208AC5FC7F8 /* CDVSplashScreen.m in Sources */,
				8662CEBE2F344892AF6A8DE7 /* CDVViewController+SplashScreen.m in Sources */,
				46DD75D7441E47D38F17A922 /* CDVStatusBar.m in Sources */,
				E588C93F2A984B909C64B348 /* CDVVibration.m in Sources */,
				5783438954CE450AA4F58ABD /* OneSignal.m in Sources */,
				6AFC92B7A24748AFAECF18AD /* OneSignalHTTPClient.m in Sources */,
				84D18277E92943BB96A05A0A /* OneSignalTrackIAP.m in Sources */,
				09BEA657576B400FAFF835A7 /* OneSignalJailbreakDetection.m in Sources */,
				A0AC6FF0016941EBAE97633F /* OneSignalPush.m in Sources */,
				01F5CA3788BD4F4AB738F7BD /* OneSignalReachability.m in Sources */,
				9C531BCEC6E841C89611772F /* OneSignalMobileProvision.m in Sources */,
				180ACD4968964CD6B07521D4 /* OneSignalLocation.m in Sources */,
			);
			runOnlyForDeploymentPostprocessing = 0;
		};
/* End PBXSourcesBuildPhase section */

/* Begin PBXTargetDependency section */
		301BF551109A68C00062928A /* PBXTargetDependency */ = {
			isa = PBXTargetDependency;
			name = CordovaLib;
			targetProxy = 301BF550109A68C00062928A /* PBXContainerItemProxy */;
		};
/* End PBXTargetDependency section */

/* Begin XCBuildConfiguration section */
		1D6058940D05DD3E006BFB54 /* Debug */ = {
			isa = XCBuildConfiguration;
			baseConfigurationReference = 3047A50F1AB8059700498E2A /* build-debug.xcconfig */;
			buildSettings = {
				ALWAYS_SEARCH_USER_PATHS = NO;
				ASSETCATALOG_COMPILER_APPICON_NAME = AppIcon;
				ASSETCATALOG_COMPILER_LAUNCHIMAGE_NAME = LaunchImage;
				CLANG_ENABLE_MODULES = YES;
				CLANG_ENABLE_OBJC_ARC = YES;
				COPY_PHASE_STRIP = NO;
				GCC_DYNAMIC_NO_PIC = NO;
				GCC_OPTIMIZATION_LEVEL = 0;
				GCC_PRECOMPILE_PREFIX_HEADER = YES;
				GCC_PREFIX_HEADER = "Hello World/Hello World-Prefix.pch";
				GCC_THUMB_SUPPORT = NO;
				GCC_VERSION = "";
				INFOPLIST_FILE = "Hello World/Hello World-Info.plist";
				LD_RUNPATH_SEARCH_PATHS = "@executable_path/Frameworks";
				PRODUCT_NAME = "Hello World";
			};
			name = Debug;
		};
		1D6058950D05DD3E006BFB54 /* Release */ = {
			isa = XCBuildConfiguration;
			baseConfigurationReference = 3047A5101AB8059700498E2A /* build-release.xcconfig */;
			buildSettings = {
				ALWAYS_SEARCH_USER_PATHS = NO;
				ASSETCATALOG_COMPILER_APPICON_NAME = AppIcon;
				ASSETCATALOG_COMPILER_LAUNCHIMAGE_NAME = LaunchImage;
				CLANG_ENABLE_MODULES = YES;
				CLANG_ENABLE_OBJC_ARC = YES;
				COPY_PHASE_STRIP = YES;
				GCC_PRECOMPILE_PREFIX_HEADER = YES;
				GCC_PREFIX_HEADER = "Hello World/Hello World-Prefix.pch";
				GCC_THUMB_SUPPORT = NO;
				GCC_VERSION = "";
				INFOPLIST_FILE = "Hello World/Hello World-Info.plist";
				PRODUCT_NAME = "Hello World";
			};
			name = Release;
		};
		C01FCF4F08A954540054247B /* Debug */ = {
			isa = XCBuildConfiguration;
			baseConfigurationReference = 3047A5111AB8059700498E2A /* build.xcconfig */;
			buildSettings = {
				CLANG_ENABLE_MODULES = YES;
				CLANG_ENABLE_OBJC_ARC = YES;
				CLANG_WARN_BOOL_CONVERSION = YES;
				CLANG_WARN_CONSTANT_CONVERSION = YES;
				CLANG_WARN_EMPTY_BODY = YES;
				CLANG_WARN_ENUM_CONVERSION = YES;
				CLANG_WARN_INT_CONVERSION = YES;
				CLANG_WARN__DUPLICATE_METHOD_MATCH = YES;
				GCC_C_LANGUAGE_STANDARD = c99;
				GCC_THUMB_SUPPORT = NO;
				GCC_VERSION = "";
				GCC_WARN_ABOUT_RETURN_TYPE = YES;
				GCC_WARN_UNDECLARED_SELECTOR = YES;
				GCC_WARN_UNINITIALIZED_AUTOS = YES;
				GCC_WARN_UNUSED_FUNCTION = YES;
				GCC_WARN_UNUSED_VARIABLE = YES;
				ONLY_ACTIVE_ARCH = YES;
				SDKROOT = iphoneos;
				SKIP_INSTALL = NO;
			};
			name = Debug;
		};
		C01FCF5008A954540054247B /* Release */ = {
			isa = XCBuildConfiguration;
			baseConfigurationReference = 3047A5111AB8059700498E2A /* build.xcconfig */;
			buildSettings = {
				CLANG_ENABLE_MODULES = YES;
				CLANG_ENABLE_OBJC_ARC = YES;
				CLANG_WARN_BOOL_CONVERSION = YES;
				CLANG_WARN_CONSTANT_CONVERSION = YES;
				CLANG_WARN_EMPTY_BODY = YES;
				CLANG_WARN_ENUM_CONVERSION = YES;
				CLANG_WARN_INT_CONVERSION = YES;
				CLANG_WARN__DUPLICATE_METHOD_MATCH = YES;
				GCC_C_LANGUAGE_STANDARD = c99;
				GCC_THUMB_SUPPORT = NO;
				GCC_VERSION = "";
				GCC_WARN_ABOUT_RETURN_TYPE = YES;
				GCC_WARN_UNDECLARED_SELECTOR = YES;
				GCC_WARN_UNINITIALIZED_AUTOS = YES;
				GCC_WARN_UNUSED_FUNCTION = YES;
				GCC_WARN_UNUSED_VARIABLE = YES;
				SDKROOT = iphoneos;
				SKIP_INSTALL = NO;
			};
			name = Release;
		};
/* End XCBuildConfiguration section */

/* Begin XCConfigurationList section */
		1D6058960D05DD3E006BFB54 /* Build configuration list for PBXNativeTarget "Hello World" */ = {
			isa = XCConfigurationList;
			buildConfigurations = (
				1D6058940D05DD3E006BFB54 /* Debug */,
				1D6058950D05DD3E006BFB54 /* Release */,
			);
			defaultConfigurationIsVisible = 0;
			defaultConfigurationName = Release;
		};
		C01FCF4E08A954540054247B /* Build configuration list for PBXProject "__NON-CLI__" */ = {
			isa = XCConfigurationList;
			buildConfigurations = (
				C01FCF4F08A954540054247B /* Debug */,
				C01FCF5008A954540054247B /* Release */,
			);
			defaultConfigurationIsVisible = 0;
			defaultConfigurationName = Release;
		};
/* End XCConfigurationList section */
	};
	rootObject = 29B97313FDCFA39411CA2CEA /* Project object */;
}
